<?xml version="1.0" encoding="utf-8"?>
<Project ToolsVersion="4.0" xmlns="http://schemas.microsoft.com/developer/msbuild/2003">
  <ItemGroup>
    <Filter Include="リソース ファイル">
      <UniqueIdentifier>{67DA6AB6-F800-4c08-8B7A-83BB121AAD01}</UniqueIdentifier>
      <Extensions>rc;ico;cur;bmp;dlg;rc2;rct;bin;rgs;gif;jpg;jpeg;jpe;resx;tiff;tif;png;wav</Extensions>
    </Filter>
    <Filter Include="シェーダー">
      <UniqueIdentifier>{5fc7559b-c141-4ecd-b664-927ab910afda}</UniqueIdentifier>
    </Filter>
    <Filter Include="IEX">
      <UniqueIdentifier>{38fbec0a-1dc8-4967-afe0-3a6584026b2f}</UniqueIdentifier>
    </Filter>
  </ItemGroup>
  <ItemGroup>
    <ClCompile Include="IEX\IEX_2DObject.cpp">
      <Filter>IEX</Filter>
    </ClCompile>
    <ClCompile Include="IEX\IEX_3DObject.cpp">
      <Filter>IEX</Filter>
    </ClCompile>
    <ClCompile Include="IEX\IEX_Audio.cpp">
      <Filter>IEX</Filter>
    </ClCompile>
    <ClCompile Include="IEX\IEX_Direct3D.cpp">
      <Filter>IEX</Filter>
    </ClCompile>
    <ClCompile Include="IEX\IEX_Input.cpp">
      <Filter>IEX</Filter>
    </ClCompile>
    <ClCompile Include="IEX\IEX_Light.cpp">
      <Filter>IEX</Filter>
    </ClCompile>
    <ClCompile Include="IEX\IEX_Math.cpp">
      <Filter>IEX</Filter>
    </ClCompile>
    <ClCompile Include="IEX\IEX_Mesh.cpp">
      <Filter>IEX</Filter>
    </ClCompile>
    <ClCompile Include="IEX\IEX_Particle.cpp">
      <Filter>IEX</Filter>
    </ClCompile>
    <ClCompile Include="IEX\IEX_Polygon.cpp">
      <Filter>IEX</Filter>
    </ClCompile>
    <ClCompile Include="IEX\IEX_RenderState.cpp">
      <Filter>IEX</Filter>
    </ClCompile>
    <ClCompile Include="IEX\IEX_Shader.cpp">
      <Filter>IEX</Filter>
    </ClCompile>
    <ClCompile Include="IEX\IEX_SkinMesh.cpp">
      <Filter>IEX</Filter>
    </ClCompile>
    <ClCompile Include="IEX\IEX_System.cpp">
      <Filter>IEX</Filter>
    </ClCompile>
    <ClCompile Include="IEX\IEX_Texture.cpp">
      <Filter>IEX</Filter>
    </ClCompile>
    <ClCompile Include="IEX\IEX_View.cpp">
      <Filter>IEX</Filter>
    </ClCompile>
    <ClCompile Include="source\Ball\Ball.cpp" />
    <ClCompile Include="source\Ball\UsualBall.cpp" />
    <ClCompile Include="source\brendanimation\BlendAnimationMesh.cpp" />
    <ClCompile Include="source\Camera\Camera.cpp" />
    <ClCompile Include="source\character\Lacrosse\LacrosseAttackClose.cpp" />
    <ClCompile Include="source\character\Lacrosse\LacrosseCounterPoseClass.cpp" />
    <ClCompile Include="source\character\Lacrosse\LacrosseEvasionClass.cpp" />
    <ClCompile Include="source\character\Lacrosse\LacrosseHitBallAttackClass.cpp" />
    <ClCompile Include="source\character\Lacrosse\LacrossePlayer.cpp" />
    <ClCompile Include="source\character\Lacrosse\LacrossePlayerState.cpp" />
    <ClCompile Include="source\character\Tennis\TennisPlayer.cpp" />
    <ClCompile Include="source\character\Tennis\TennisPlayerState.cpp" />
    <ClCompile Include="source\character\CharacterAttack.cpp" />
    <ClCompile Include="source\character\CharacterBase.cpp" />
    <ClCompile Include="source\character\CharacterFunction.cpp" />
    <ClCompile Include="source\character\CharacterMoveClass.cpp" />
    <ClCompile Include="source\character\CharacterRenderer.cpp" />
    <ClCompile Include="source\character\CharacterShot.cpp" />
    <ClCompile Include="source\character\CharacterSliding.cpp" />
    <ClCompile Include="source\Damage\Damage.cpp" />
    <ClCompile Include="source\GameScene\sceneGamePlay.cpp" />
    <ClCompile Include="source\GameScene\sceneMain.cpp" />
    <ClCompile Include="source\GameSystem\GameController.cpp" />
    <ClCompile Include="source\GameSystem\GameObject.cpp" />
    <ClCompile Include="source\IexSystem\Framework.cpp" />
    <ClCompile Include="source\IexSystem\System.cpp" />
    <ClCompile Include="source\IexSystem\WinMain.cpp" />
    <ClCompile Include="source\Render\MeshRenderer.cpp" />
    <ClCompile Include="source\Render\Renderer.cpp" />
    <ClCompile Include="source\character\Soccer\SoccerPlayer.cpp" />
    <ClCompile Include="source\character\Soccer\SoccerPlayerState.cpp" />
    <ClCompile Include="source\character\CharacterManager.cpp" />
    <ClCompile Include="source\Camera\CameraState.cpp" />
    <ClCompile Include="source\Collision\Collision.cpp" />
  </ItemGroup>
  <ItemGroup>
    <ClInclude Include="IEX\iextreme.h">
      <Filter>IEX</Filter>
    </ClInclude>
    <ClInclude Include="source\Ball\Ball.h" />
    <ClInclude Include="source\Ball\UsualBall.h" />
    <ClInclude Include="source\brendanimation\BlendAnimationMesh.h" />
    <ClInclude Include="source\Camera\Camera.h" />
    <ClInclude Include="source\character\Lacrosse\LacrosseAttackClose.h" />
    <ClInclude Include="source\character\Lacrosse\LacrosseCounterPoseClass.h" />
    <ClInclude Include="source\character\Lacrosse\LacrosseEvasionClass.h" />
    <ClInclude Include="source\character\Lacrosse\LacrosseHitBallAttackClass.h" />
    <ClInclude Include="source\character\Lacrosse\LacrossePlayer.h" />
    <ClInclude Include="source\character\Lacrosse\LacrossePlayerState.h" />
    <ClInclude Include="source\character\Tennis\TennisPlayer.h" />
    <ClInclude Include="source\character\Tennis\TennisPlayerState.h" />
    <ClInclude Include="source\character\CharacterAttack.h" />
    <ClInclude Include="source\character\CharacterBase.h" />
    <ClInclude Include="source\character\CharacterFunction.h" />
    <ClInclude Include="source\character\CharacterMoveClass.h" />
    <ClInclude Include="source\character\CharacterRenderer.h" />
    <ClInclude Include="source\character\CharacterShot.h" />
    <ClInclude Include="source\character\CharacterSliding.h" />
    <ClInclude Include="source\character\CharacterStateTemplate.h" />
    <ClInclude Include="source\Damage\Damage.h" />
    <ClInclude Include="source\debug\DebugFunction.h" />
    <ClInclude Include="source\GameScene\SceneGamePlay.h" />
    <ClInclude Include="source\GameScene\sceneMain.h" />
    <ClInclude Include="source\GameSystem\ForwardDecl.h" />
    <ClInclude Include="source\GameSystem\GameController.h" />
    <ClInclude Include="source\GameSystem\GameObject.h" />
    <ClInclude Include="source\GameSystem\GameSystem.h" />
    <ClInclude Include="source\IexSystem\Framework.h" />
    <ClInclude Include="source\IexSystem\Scene.h" />
    <ClInclude Include="source\IexSystem\System.h" />
    <ClInclude Include="source\Render\MeshRenderer.h" />
    <ClInclude Include="source\Render\Renderer.h" />
    <ClInclude Include="source\utillity\Collision.h" />
    <ClInclude Include="source\utillity\StateTemplate.h" />
    <ClInclude Include="source\character\Soccer\SoccerPlayer.h" />
    <ClInclude Include="source\character\Soccer\SoccerPlayerState.h" />
<<<<<<< HEAD
    <ClInclude Include="source\character\Lacrosse\LacrosseCounterClass.h" />
    <ClInclude Include="source\character\CharacterHitBallAttackClass.h" />
    <ClInclude Include="source\character\CharacterEvasionClass.h" />
    <ClInclude Include="source\character\CharacterCounterClass.h" />
    <ClInclude Include="source\character\CharacterCounterPoseClass.h" />
=======
    <ClInclude Include="source\character\CharacterManager.h" />
    <ClInclude Include="source\Camera\CameraState.h" />
    <ClInclude Include="source\Collision\Collision.h" />
>>>>>>> 5d6a90810ce2057f4e97714b66ac949d9a204f3d
  </ItemGroup>
  <ItemGroup>
    <None Include="DATA\Shader\2D.fx">
      <Filter>シェーダー</Filter>
    </None>
  </ItemGroup>
  <ItemGroup>
    <CustomBuild Include="DATA\Shader\3DEx.fx">
      <Filter>シェーダー</Filter>
    </CustomBuild>
  </ItemGroup>
</Project>